
Microsoft Visual Studio Solution File, Format Version 12.00
# Visual Studio 15
VisualStudioVersion = 15.0.28307.1082
MinimumVisualStudioVersion = 10.0.40219.1
Project("{FAE04EC0-301F-11D3-BF4B-00C04F79EFBC}") = "CapaDePresentacionWForm", "CapaDePresentacionWForm\CapaDePresentacionWForm.csproj", "{CA2CF90E-71AD-45A8-A1E6-A36563AB58C8}"
EndProject
Project("{FAE04EC0-301F-11D3-BF4B-00C04F79EFBC}") = "CapaDeDatos", "ClassLibrary1\CapaDeDatos.csproj", "{204C1AF7-3A96-4208-9BF9-A26EB0C2FFF8}"
EndProject
Project("{FAE04EC0-301F-11D3-BF4B-00C04F79EFBC}") = "CapaDeNegocio", "CapaDeNegocio\CapaDeNegocio.csproj", "{D3E9E6B8-0F83-4A77-92AF-7FFCC8695074}"
EndProject
Project("{FAE04EC0-301F-11D3-BF4B-00C04F79EFBC}") = "WCFServiciosWeb", "WCFServiciosWeb\WCFServiciosWeb.csproj", "{A9298FCB-7A60-4695-8560-0BDEEED65E64}"
EndProject
Global
	GlobalSection(SolutionConfigurationPlatforms) = preSolution
		Debug|Any CPU = Debug|Any CPU
		Release|Any CPU = Release|Any CPU
	EndGlobalSection
	GlobalSection(ProjectConfigurationPlatforms) = postSolution
		{CA2CF90E-71AD-45A8-A1E6-A36563AB58C8}.Debug|Any CPU.ActiveCfg = Debug|Any CPU
		{CA2CF90E-71AD-45A8-A1E6-A36563AB58C8}.Debug|Any CPU.Build.0 = Debug|Any CPU
		{CA2CF90E-71AD-45A8-A1E6-A36563AB58C8}.Release|Any CPU.ActiveCfg = Release|Any CPU
		{CA2CF90E-71AD-45A8-A1E6-A36563AB58C8}.Release|Any CPU.Build.0 = Release|Any CPU
		{204C1AF7-3A96-4208-9BF9-A26EB0C2FFF8}.Debug|Any CPU.ActiveCfg = Debug|Any CPU
		{204C1AF7-3A96-4208-9BF9-A26EB0C2FFF8}.Debug|Any CPU.Build.0 = Debug|Any CPU
		{204C1AF7-3A96-4208-9BF9-A26EB0C2FFF8}.Release|Any CPU.ActiveCfg = Release|Any CPU
		{204C1AF7-3A96-4208-9BF9-A26EB0C2FFF8}.Release|Any CPU.Build.0 = Release|Any CPU
		{D3E9E6B8-0F83-4A77-92AF-7FFCC8695074}.Debug|Any CPU.ActiveCfg = Debug|Any CPU
		{D3E9E6B8-0F83-4A77-92AF-7FFCC8695074}.Debug|Any CPU.Build.0 = Debug|Any CPU
		{D3E9E6B8-0F83-4A77-92AF-7FFCC8695074}.Release|Any CPU.ActiveCfg = Release|Any CPU
		{D3E9E6B8-0F83-4A77-92AF-7FFCC8695074}.Release|Any CPU.Build.0 = Release|Any CPU
		{A9298FCB-7A60-4695-8560-0BDEEED65E64}.Debug|Any CPU.ActiveCfg = Debug|Any CPU
		{A9298FCB-7A60-4695-8560-0BDEEED65E64}.Debug|Any CPU.Build.0 = Debug|Any CPU
		{A9298FCB-7A60-4695-8560-0BDEEED65E64}.Release|Any CPU.ActiveCfg = Release|Any CPU
		{A9298FCB-7A60-4695-8560-0BDEEED65E64}.Release|Any CPU.Build.0 = Release|Any CPU
	EndGlobalSection
	GlobalSection(SolutionProperties) = preSolution
		HideSolutionNode = FALSE
	EndGlobalSection
	GlobalSection(ExtensibilityGlobals) = postSolution
		SolutionGuid = {57AF344D-916B-4C51-A2B5-6F548D9D23E7}
	EndGlobalSection
EndGlobal
